
Microsoft Visual Studio Solution File, Format Version 12.00
# Visual Studio 15
Project("{FAE04EC0-301F-11D3-BF4B-00C04F79EFBC}") = "Assembly-CSharp", "Assembly-CSharp.csproj", "{7514FCA0-AC37-23B3-FEB6-3BC0A0175781}"
EndProject
Project("{FAE04EC0-301F-11D3-BF4B-00C04F79EFBC}") = "Assembly-CSharp-Editor", "Assembly-CSharp-Editor.csproj", "{45F9B30B-9ADF-E964-1F32-D07944F54836}"
EndProject
Global
	GlobalSection(SolutionConfigurationPlatforms) = preSolution
		Debug|Any CPU = Debug|Any CPU
		Release|Any CPU = Release|Any CPU
	EndGlobalSection
	GlobalSection(ProjectConfigurationPlatforms) = postSolution
		{7514FCA0-AC37-23B3-FEB6-3BC0A0175781}.Debug|Any CPU.ActiveCfg = Debug|Any CPU
		{7514FCA0-AC37-23B3-FEB6-3BC0A0175781}.Debug|Any CPU.Build.0 = Debug|Any CPU
		{7514FCA0-AC37-23B3-FEB6-3BC0A0175781}.Release|Any CPU.ActiveCfg = Release|Any CPU
		{7514FCA0-AC37-23B3-FEB6-3BC0A0175781}.Release|Any CPU.Build.0 = Release|Any CPU
		{45F9B30B-9ADF-E964-1F32-D07944F54836}.Debug|Any CPU.ActiveCfg = Debug|Any CPU
		{45F9B30B-9ADF-E964-1F32-D07944F54836}.Debug|Any CPU.Build.0 = Debug|Any CPU
		{45F9B30B-9ADF-E964-1F32-D07944F54836}.Release|Any CPU.ActiveCfg = Release|Any CPU
		{45F9B30B-9ADF-E964-1F32-D07944F54836}.Release|Any CPU.Build.0 = Release|Any CPU
	EndGlobalSection
	GlobalSection(SolutionProperties) = preSolution
		HideSolutionNode = FALSE
	EndGlobalSection
EndGlobal
